// !$*UTF8*$!
{
	archiveVersion = 1;
	classes = {
	};
	objectVersion = 56;
	objects = {

/* Begin PBXBuildFile section */
		6422C2F22AB41DC800C2DBCA /* TransactionModel.swift in Sources */ = {isa = PBXBuildFile; fileRef = 6422C2F12AB41DC800C2DBCA /* TransactionModel.swift */; };
		6422C2F42AB42F6B00C2DBCA /* PreviewData.swift in Sources */ = {isa = PBXBuildFile; fileRef = 6422C2F32AB42F6B00C2DBCA /* PreviewData.swift */; };
		6422C2F62AB4318300C2DBCA /* TransactionRow.swift in Sources */ = {isa = PBXBuildFile; fileRef = 6422C2F52AB4318300C2DBCA /* TransactionRow.swift */; };
		6422C2F92AB44DB100C2DBCA /* SwiftUIFontIcon in Frameworks */ = {isa = PBXBuildFile; productRef = 6422C2F82AB44DB100C2DBCA /* SwiftUIFontIcon */; };
		6422C2FB2AB488B300C2DBCA /* TransactionListViewModel.swift in Sources */ = {isa = PBXBuildFile; fileRef = 6422C2FA2AB488B300C2DBCA /* TransactionListViewModel.swift */; };
		64A420F62AB5804500C8500D /* RecentTransactionList.swift in Sources */ = {isa = PBXBuildFile; fileRef = 64A420F52AB5804500C8500D /* RecentTransactionList.swift */; };
		64AFFBDC2AB3531C00D626D4 /* _8_swift_expenseTrackerApp.swift in Sources */ = {isa = PBXBuildFile; fileRef = 64AFFBDB2AB3531C00D626D4 /* _8_swift_expenseTrackerApp.swift */; };
		64AFFBDE2AB3531C00D626D4 /* ContentView.swift in Sources */ = {isa = PBXBuildFile; fileRef = 64AFFBDD2AB3531C00D626D4 /* ContentView.swift */; };
		64AFFBE02AB3531F00D626D4 /* Assets.xcassets in Resources */ = {isa = PBXBuildFile; fileRef = 64AFFBDF2AB3531F00D626D4 /* Assets.xcassets */; };
		64AFFBE42AB3531F00D626D4 /* Preview Assets.xcassets in Resources */ = {isa = PBXBuildFile; fileRef = 64AFFBE32AB3531F00D626D4 /* Preview Assets.xcassets */; };
		64AFFBEB2AB3F7CF00D626D4 /* Extensions.swift in Sources */ = {isa = PBXBuildFile; fileRef = 64AFFBEA2AB3F7CF00D626D4 /* Extensions.swift */; };
/* End PBXBuildFile section */

/* Begin PBXFileReference section */
		6422C2F12AB41DC800C2DBCA /* TransactionModel.swift */ = {isa = PBXFileReference; lastKnownFileType = sourcecode.swift; path = TransactionModel.swift; sourceTree = "<group>"; };
		6422C2F32AB42F6B00C2DBCA /* PreviewData.swift */ = {isa = PBXFileReference; lastKnownFileType = sourcecode.swift; path = PreviewData.swift; sourceTree = "<group>"; };
		6422C2F52AB4318300C2DBCA /* TransactionRow.swift */ = {isa = PBXFileReference; lastKnownFileType = sourcecode.swift; path = TransactionRow.swift; sourceTree = "<group>"; };
		6422C2FA2AB488B300C2DBCA /* TransactionListViewModel.swift */ = {isa = PBXFileReference; lastKnownFileType = sourcecode.swift; path = TransactionListViewModel.swift; sourceTree = "<group>"; };
		64A420F52AB5804500C8500D /* RecentTransactionList.swift */ = {isa = PBXFileReference; lastKnownFileType = sourcecode.swift; path = RecentTransactionList.swift; sourceTree = "<group>"; };
		64AFFBD82AB3531C00D626D4 /* 18-swift-expenseTracker.app */ = {isa = PBXFileReference; explicitFileType = wrapper.application; includeInIndex = 0; path = "18-swift-expenseTracker.app"; sourceTree = BUILT_PRODUCTS_DIR; };
		64AFFBDB2AB3531C00D626D4 /* _8_swift_expenseTrackerApp.swift */ = {isa = PBXFileReference; lastKnownFileType = sourcecode.swift; path = _8_swift_expenseTrackerApp.swift; sourceTree = "<group>"; };
		64AFFBDD2AB3531C00D626D4 /* ContentView.swift */ = {isa = PBXFileReference; lastKnownFileType = sourcecode.swift; path = ContentView.swift; sourceTree = "<group>"; };
		64AFFBDF2AB3531F00D626D4 /* Assets.xcassets */ = {isa = PBXFileReference; lastKnownFileType = folder.assetcatalog; path = Assets.xcassets; sourceTree = "<group>"; };
		64AFFBE12AB3531F00D626D4 /* _8_swift_expenseTracker.entitlements */ = {isa = PBXFileReference; lastKnownFileType = text.plist.entitlements; path = _8_swift_expenseTracker.entitlements; sourceTree = "<group>"; };
		64AFFBE32AB3531F00D626D4 /* Preview Assets.xcassets */ = {isa = PBXFileReference; lastKnownFileType = folder.assetcatalog; path = "Preview Assets.xcassets"; sourceTree = "<group>"; };
		64AFFBEA2AB3F7CF00D626D4 /* Extensions.swift */ = {isa = PBXFileReference; lastKnownFileType = sourcecode.swift; path = Extensions.swift; sourceTree = "<group>"; };
/* End PBXFileReference section */

/* Begin PBXFrameworksBuildPhase section */
		64AFFBD52AB3531C00D626D4 /* Frameworks */ = {
			isa = PBXFrameworksBuildPhase;
			buildActionMask = 2147483647;
			files = (
				6422C2F92AB44DB100C2DBCA /* SwiftUIFontIcon in Frameworks */,
			);
			runOnlyForDeploymentPostprocessing = 0;
		};
/* End PBXFrameworksBuildPhase section */

/* Begin PBXGroup section */
		64AFFBCF2AB3531C00D626D4 = {
			isa = PBXGroup;
			children = (
				64AFFBDA2AB3531C00D626D4 /* 18-swift-expenseTracker */,
				64AFFBD92AB3531C00D626D4 /* Products */,
			);
			sourceTree = "<group>";
		};
		64AFFBD92AB3531C00D626D4 /* Products */ = {
			isa = PBXGroup;
			children = (
				64AFFBD82AB3531C00D626D4 /* 18-swift-expenseTracker.app */,
			);
			name = Products;
			sourceTree = "<group>";
		};
		64AFFBDA2AB3531C00D626D4 /* 18-swift-expenseTracker */ = {
			isa = PBXGroup;
			children = (
				64AFFBDB2AB3531C00D626D4 /* _8_swift_expenseTrackerApp.swift */,
				64AFFBDD2AB3531C00D626D4 /* ContentView.swift */,
				64A420F52AB5804500C8500D /* RecentTransactionList.swift */,
				6422C2F52AB4318300C2DBCA /* TransactionRow.swift */,
				6422C2FA2AB488B300C2DBCA /* TransactionListViewModel.swift */,
				6422C2F12AB41DC800C2DBCA /* TransactionModel.swift */,
				64AFFBEA2AB3F7CF00D626D4 /* Extensions.swift */,
				64AFFBDF2AB3531F00D626D4 /* Assets.xcassets */,
				64AFFBE12AB3531F00D626D4 /* _8_swift_expenseTracker.entitlements */,
				64AFFBE22AB3531F00D626D4 /* Preview Content */,
			);
			path = "18-swift-expenseTracker";
			sourceTree = "<group>";
		};
		64AFFBE22AB3531F00D626D4 /* Preview Content */ = {
			isa = PBXGroup;
			children = (
				64AFFBE32AB3531F00D626D4 /* Preview Assets.xcassets */,
				6422C2F32AB42F6B00C2DBCA /* PreviewData.swift */,
			);
			path = "Preview Content";
			sourceTree = "<group>";
		};
/* End PBXGroup section */

/* Begin PBXNativeTarget section */
		64AFFBD72AB3531C00D626D4 /* 18-swift-expenseTracker */ = {
			isa = PBXNativeTarget;
			buildConfigurationList = 64AFFBE72AB3531F00D626D4 /* Build configuration list for PBXNativeTarget "18-swift-expenseTracker" */;
			buildPhases = (
				64AFFBD42AB3531C00D626D4 /* Sources */,
				64AFFBD52AB3531C00D626D4 /* Frameworks */,
				64AFFBD62AB3531C00D626D4 /* Resources */,
			);
			buildRules = (
			);
			dependencies = (
			);
			name = "18-swift-expenseTracker";
			packageProductDependencies = (
				6422C2F82AB44DB100C2DBCA /* SwiftUIFontIcon */,
			);
			productName = "18-swift-expenseTracker";
			productReference = 64AFFBD82AB3531C00D626D4 /* 18-swift-expenseTracker.app */;
			productType = "com.apple.product-type.application";
		};
/* End PBXNativeTarget section */

/* Begin PBXProject section */
		64AFFBD02AB3531C00D626D4 /* Project object */ = {
			isa = PBXProject;
			attributes = {
				BuildIndependentTargetsInParallel = 1;
				LastSwiftUpdateCheck = 1420;
				LastUpgradeCheck = 1420;
				TargetAttributes = {
					64AFFBD72AB3531C00D626D4 = {
						CreatedOnToolsVersion = 14.2;
					};
				};
			};
			buildConfigurationList = 64AFFBD32AB3531C00D626D4 /* Build configuration list for PBXProject "18-swift-expenseTracker" */;
			compatibilityVersion = "Xcode 14.0";
			developmentRegion = en;
			hasScannedForEncodings = 0;
			knownRegions = (
				en,
				Base,
			);
			mainGroup = 64AFFBCF2AB3531C00D626D4;
			packageReferences = (
				6422C2F72AB44DB100C2DBCA /* XCRemoteSwiftPackageReference "SwiftUIFontIcon" */,
			);
			productRefGroup = 64AFFBD92AB3531C00D626D4 /* Products */;
			projectDirPath = "";
			projectRoot = "";
			targets = (
				64AFFBD72AB3531C00D626D4 /* 18-swift-expenseTracker */,
			);
		};
/* End PBXProject section */

/* Begin PBXResourcesBuildPhase section */
		64AFFBD62AB3531C00D626D4 /* Resources */ = {
			isa = PBXResourcesBuildPhase;
			buildActionMask = 2147483647;
			files = (
				64AFFBE42AB3531F00D626D4 /* Preview Assets.xcassets in Resources */,
				64AFFBE02AB3531F00D626D4 /* Assets.xcassets in Resources */,
			);
			runOnlyForDeploymentPostprocessing = 0;
		};
/* End PBXResourcesBuildPhase section */

/* Begin PBXSourcesBuildPhase section */
		64AFFBD42AB3531C00D626D4 /* Sources */ = {
			isa = PBXSourcesBuildPhase;
			buildActionMask = 2147483647;
			files = (
				6422C2F42AB42F6B00C2DBCA /* PreviewData.swift in Sources */,
				64A420F62AB5804500C8500D /* RecentTransactionList.swift in Sources */,
				6422C2F22AB41DC800C2DBCA /* TransactionModel.swift in Sources */,
				64AFFBDE2AB3531C00D626D4 /* ContentView.swift in Sources */,
				6422C2F62AB4318300C2DBCA /* TransactionRow.swift in Sources */,
				64AFFBEB2AB3F7CF00D626D4 /* Extensions.swift in Sources */,
				6422C2FB2AB488B300C2DBCA /* TransactionListViewModel.swift in Sources */,
				64AFFBDC2AB3531C00D626D4 /* _8_swift_expenseTrackerApp.swift in Sources */,
			);
			runOnlyForDeploymentPostprocessing = 0;
		};
/* End PBXSourcesBuildPhase section */

/* Begin XCBuildConfiguration section */
		64AFFBE52AB3531F00D626D4 /* Debug */ = {
			isa = XCBuildConfiguration;
			buildSettings = {
				ALWAYS_SEARCH_USER_PATHS = NO;
				CLANG_ANALYZER_NONNULL = YES;
				CLANG_ANALYZER_NUMBER_OBJECT_CONVERSION = YES_AGGRESSIVE;
				CLANG_CXX_LANGUAGE_STANDARD = "gnu++20";
				CLANG_ENABLE_MODULES = YES;
				CLANG_ENABLE_OBJC_ARC = YES;
				CLANG_ENABLE_OBJC_WEAK = YES;
				CLANG_WARN_BLOCK_CAPTURE_AUTORELEASING = YES;
				CLANG_WARN_BOOL_CONVERSION = YES;
				CLANG_WARN_COMMA = YES;
				CLANG_WARN_CONSTANT_CONVERSION = YES;
				CLANG_WARN_DEPRECATED_OBJC_IMPLEMENTATIONS = YES;
				CLANG_WARN_DIRECT_OBJC_ISA_USAGE = YES_ERROR;
				CLANG_WARN_DOCUMENTATION_COMMENTS = YES;
				CLANG_WARN_EMPTY_BODY = YES;
				CLANG_WARN_ENUM_CONVERSION = YES;
				CLANG_WARN_INFINITE_RECURSION = YES;
				CLANG_WARN_INT_CONVERSION = YES;
				CLANG_WARN_NON_LITERAL_NULL_CONVERSION = YES;
				CLANG_WARN_OBJC_IMPLICIT_RETAIN_SELF = YES;
				CLANG_WARN_OBJC_LITERAL_CONVERSION = YES;
				CLANG_WARN_OBJC_ROOT_CLASS = YES_ERROR;
				CLANG_WARN_QUOTED_INCLUDE_IN_FRAMEWORK_HEADER = YES;
				CLANG_WARN_RANGE_LOOP_ANALYSIS = YES;
				CLANG_WARN_STRICT_PROTOTYPES = YES;
				CLANG_WARN_SUSPICIOUS_MOVE = YES;
				CLANG_WARN_UNGUARDED_AVAILABILITY = YES_AGGRESSIVE;
				CLANG_WARN_UNREACHABLE_CODE = YES;
				CLANG_WARN__DUPLICATE_METHOD_MATCH = YES;
				COPY_PHASE_STRIP = NO;
				DEBUG_INFORMATION_FORMAT = dwarf;
				ENABLE_STRICT_OBJC_MSGSEND = YES;
				ENABLE_TESTABILITY = YES;
				GCC_C_LANGUAGE_STANDARD = gnu11;
				GCC_DYNAMIC_NO_PIC = NO;
				GCC_NO_COMMON_BLOCKS = YES;
				GCC_OPTIMIZATION_LEVEL = 0;
				GCC_PREPROCESSOR_DEFINITIONS = (
					"DEBUG=1",
					"$(inherited)",
				);
				GCC_WARN_64_TO_32_BIT_CONVERSION = YES;
				GCC_WARN_ABOUT_RETURN_TYPE = YES_ERROR;
				GCC_WARN_UNDECLARED_SELECTOR = YES;
				GCC_WARN_UNINITIALIZED_AUTOS = YES_AGGRESSIVE;
				GCC_WARN_UNUSED_FUNCTION = YES;
				GCC_WARN_UNUSED_VARIABLE = YES;
				MTL_ENABLE_DEBUG_INFO = INCLUDE_SOURCE;
				MTL_FAST_MATH = YES;
				ONLY_ACTIVE_ARCH = YES;
				SWIFT_ACTIVE_COMPILATION_CONDITIONS = DEBUG;
				SWIFT_OPTIMIZATION_LEVEL = "-Onone";
			};
			name = Debug;
		};
		64AFFBE62AB3531F00D626D4 /* Release */ = {
			isa = XCBuildConfiguration;
			buildSettings = {
				ALWAYS_SEARCH_USER_PATHS = NO;
				CLANG_ANALYZER_NONNULL = YES;
				CLANG_ANALYZER_NUMBER_OBJECT_CONVERSION = YES_AGGRESSIVE;
				CLANG_CXX_LANGUAGE_STANDARD = "gnu++20";
				CLANG_ENABLE_MODULES = YES;
				CLANG_ENABLE_OBJC_ARC = YES;
				CLANG_ENABLE_OBJC_WEAK = YES;
				CLANG_WARN_BLOCK_CAPTURE_AUTORELEASING = YES;
				CLANG_WARN_BOOL_CONVERSION = YES;
				CLANG_WARN_COMMA = YES;
				CLANG_WARN_CONSTANT_CONVERSION = YES;
				CLANG_WARN_DEPRECATED_OBJC_IMPLEMENTATIONS = YES;
				CLANG_WARN_DIRECT_OBJC_ISA_USAGE = YES_ERROR;
				CLANG_WARN_DOCUMENTATION_COMMENTS = YES;
				CLANG_WARN_EMPTY_BODY = YES;
				CLANG_WARN_ENUM_CONVERSION = YES;
				CLANG_WARN_INFINITE_RECURSION = YES;
				CLANG_WARN_INT_CONVERSION = YES;
				CLANG_WARN_NON_LITERAL_NULL_CONVERSION = YES;
				CLANG_WARN_OBJC_IMPLICIT_RETAIN_SELF = YES;
				CLANG_WARN_OBJC_LITERAL_CONVERSION = YES;
				CLANG_WARN_OBJC_ROOT_CLASS = YES_ERROR;
				CLANG_WARN_QUOTED_INCLUDE_IN_FRAMEWORK_HEADER = YES;
				CLANG_WARN_RANGE_LOOP_ANALYSIS = YES;
				CLANG_WARN_STRICT_PROTOTYPES = YES;
				CLANG_WARN_SUSPICIOUS_MOVE = YES;
				CLANG_WARN_UNGUARDED_AVAILABILITY = YES_AGGRESSIVE;
				CLANG_WARN_UNREACHABLE_CODE = YES;
				CLANG_WARN__DUPLICATE_METHOD_MATCH = YES;
				COPY_PHASE_STRIP = NO;
				DEBUG_INFORMATION_FORMAT = "dwarf-with-dsym";
				ENABLE_NS_ASSERTIONS = NO;
				ENABLE_STRICT_OBJC_MSGSEND = YES;
				GCC_C_LANGUAGE_STANDARD = gnu11;
				GCC_NO_COMMON_BLOCKS = YES;
				GCC_WARN_64_TO_32_BIT_CONVERSION = YES;
				GCC_WARN_ABOUT_RETURN_TYPE = YES_ERROR;
				GCC_WARN_UNDECLARED_SELECTOR = YES;
				GCC_WARN_UNINITIALIZED_AUTOS = YES_AGGRESSIVE;
				GCC_WARN_UNUSED_FUNCTION = YES;
				GCC_WARN_UNUSED_VARIABLE = YES;
				MTL_ENABLE_DEBUG_INFO = NO;
				MTL_FAST_MATH = YES;
				SWIFT_COMPILATION_MODE = wholemodule;
				SWIFT_OPTIMIZATION_LEVEL = "-O";
			};
			name = Release;
		};
		64AFFBE82AB3531F00D626D4 /* Debug */ = {
			isa = XCBuildConfiguration;
			buildSettings = {
				ASSETCATALOG_COMPILER_APPICON_NAME = AppIcon;
				ASSETCATALOG_COMPILER_GLOBAL_ACCENT_COLOR_NAME = AccentColor;
				CODE_SIGN_ENTITLEMENTS = "18-swift-expenseTracker/_8_swift_expenseTracker.entitlements";
				CODE_SIGN_STYLE = Automatic;
				CURRENT_PROJECT_VERSION = 1;
				DEVELOPMENT_ASSET_PATHS = "\"18-swift-expenseTracker/Preview Content\"";
				ENABLE_PREVIEWS = YES;
				GENERATE_INFOPLIST_FILE = YES;
				"INFOPLIST_KEY_UIApplicationSceneManifest_Generation[sdk=iphoneos*]" = YES;
				"INFOPLIST_KEY_UIApplicationSceneManifest_Generation[sdk=iphonesimulator*]" = YES;
				"INFOPLIST_KEY_UIApplicationSupportsIndirectInputEvents[sdk=iphoneos*]" = YES;
				"INFOPLIST_KEY_UIApplicationSupportsIndirectInputEvents[sdk=iphonesimulator*]" = YES;
				"INFOPLIST_KEY_UILaunchScreen_Generation[sdk=iphoneos*]" = YES;
				"INFOPLIST_KEY_UILaunchScreen_Generation[sdk=iphonesimulator*]" = YES;
				"INFOPLIST_KEY_UIStatusBarStyle[sdk=iphoneos*]" = UIStatusBarStyleDefault;
				"INFOPLIST_KEY_UIStatusBarStyle[sdk=iphonesimulator*]" = UIStatusBarStyleDefault;
				INFOPLIST_KEY_UISupportedInterfaceOrientations_iPad = "UIInterfaceOrientationPortrait UIInterfaceOrientationPortraitUpsideDown UIInterfaceOrientationLandscapeLeft UIInterfaceOrientationLandscapeRight";
				INFOPLIST_KEY_UISupportedInterfaceOrientations_iPhone = "UIInterfaceOrientationPortrait UIInterfaceOrientationLandscapeLeft UIInterfaceOrientationLandscapeRight";
				IPHONEOS_DEPLOYMENT_TARGET = 16.2;
				LD_RUNPATH_SEARCH_PATHS = "@executable_path/Frameworks";
				"LD_RUNPATH_SEARCH_PATHS[sdk=macosx*]" = "@executable_path/../Frameworks";
				MACOSX_DEPLOYMENT_TARGET = 12.6;
				MARKETING_VERSION = 1.0;
				PRODUCT_BUNDLE_IDENTIFIER = "ai.cherrypick.-8-swift-expenseTracker";
				PRODUCT_NAME = "$(TARGET_NAME)";
				SDKROOT = auto;
				SUPPORTED_PLATFORMS = "iphoneos iphonesimulator macosx";
				SWIFT_EMIT_LOC_STRINGS = YES;
				SWIFT_VERSION = 5.0;
				TARGETED_DEVICE_FAMILY = "1,2";
			};
			name = Debug;
		};
		64AFFBE92AB3531F00D626D4 /* Release */ = {
			isa = XCBuildConfiguration;
			buildSettings = {
				ASSETCATALOG_COMPILER_APPICON_NAME = AppIcon;
				ASSETCATALOG_COMPILER_GLOBAL_ACCENT_COLOR_NAME = AccentColor;
				CODE_SIGN_ENTITLEMENTS = "18-swift-expenseTracker/_8_swift_expenseTracker.entitlements";
				CODE_SIGN_STYLE = Automatic;
				CURRENT_PROJECT_VERSION = 1;
				DEVELOPMENT_ASSET_PATHS = "\"18-swift-expenseTracker/Preview Content\"";
				ENABLE_PREVIEWS = YES;
				GENERATE_INFOPLIST_FILE = YES;
				"INFOPLIST_KEY_UIApplicationSceneManifest_Generation[sdk=iphoneos*]" = YES;
				"INFOPLIST_KEY_UIApplicationSceneManifest_Generation[sdk=iphonesimulator*]" = YES;
				"INFOPLIST_KEY_UIApplicationSupportsIndirectInputEvents[sdk=iphoneos*]" = YES;
				"INFOPLIST_KEY_UIApplicationSupportsIndirectInputEvents[sdk=iphonesimulator*]" = YES;
				"INFOPLIST_KEY_UILaunchScreen_Generation[sdk=iphoneos*]" = YES;
				"INFOPLIST_KEY_UILaunchScreen_Generation[sdk=iphonesimulator*]" = YES;
				"INFOPLIST_KEY_UIStatusBarStyle[sdk=iphoneos*]" = UIStatusBarStyleDefault;
				"INFOPLIST_KEY_UIStatusBarStyle[sdk=iphonesimulator*]" = UIStatusBarStyleDefault;
				INFOPLIST_KEY_UISupportedInterfaceOrientations_iPad = "UIInterfaceOrientationPortrait UIInterfaceOrientationPortraitUpsideDown UIInterfaceOrientationLandscapeLeft UIInterfaceOrientationLandscapeRight";
				INFOPLIST_KEY_UISupportedInterfaceOrientations_iPhone = "UIInterfaceOrientationPortrait UIInterfaceOrientationLandscapeLeft UIInterfaceOrientationLandscapeRight";
				IPHONEOS_DEPLOYMENT_TARGET = 16.2;
				LD_RUNPATH_SEARCH_PATHS = "@executable_path/Frameworks";
				"LD_RUNPATH_SEARCH_PATHS[sdk=macosx*]" = "@executable_path/../Frameworks";
				MACOSX_DEPLOYMENT_TARGET = 12.6;
				MARKETING_VERSION = 1.0;
				PRODUCT_BUNDLE_IDENTIFIER = "ai.cherrypick.-8-swift-expenseTracker";
				PRODUCT_NAME = "$(TARGET_NAME)";
				SDKROOT = auto;
				SUPPORTED_PLATFORMS = "iphoneos iphonesimulator macosx";
				SWIFT_EMIT_LOC_STRINGS = YES;
				SWIFT_VERSION = 5.0;
				TARGETED_DEVICE_FAMILY = "1,2";
			};
			name = Release;
		};
/* End XCBuildConfiguration section */

/* Begin XCConfigurationList section */
		64AFFBD32AB3531C00D626D4 /* Build configuration list for PBXProject "18-swift-expenseTracker" */ = {
			isa = XCConfigurationList;
			buildConfigurations = (
				64AFFBE52AB3531F00D626D4 /* Debug */,
				64AFFBE62AB3531F00D626D4 /* Release */,
			);
			defaultConfigurationIsVisible = 0;
			defaultConfigurationName = Release;
		};
		64AFFBE72AB3531F00D626D4 /* Build configuration list for PBXNativeTarget "18-swift-expenseTracker" */ = {
			isa = XCConfigurationList;
			buildConfigurations = (
				64AFFBE82AB3531F00D626D4 /* Debug */,
				64AFFBE92AB3531F00D626D4 /* Release */,
			);
			defaultConfigurationIsVisible = 0;
			defaultConfigurationName = Release;
		};
/* End XCConfigurationList section */

/* Begin XCRemoteSwiftPackageReference section */
		6422C2F72AB44DB100C2DBCA /* XCRemoteSwiftPackageReference "SwiftUIFontIcon" */ = {
			isa = XCRemoteSwiftPackageReference;
			repositoryURL = "https://github.com/huybuidac/SwiftUIFontIcon";
			requirement = {
				branch = master;
				kind = branch;
			};
		};
/* End XCRemoteSwiftPackageReference section */

/* Begin XCSwiftPackageProductDependency section */
		6422C2F82AB44DB100C2DBCA /* SwiftUIFontIcon */ = {
			isa = XCSwiftPackageProductDependency;
			package = 6422C2F72AB44DB100C2DBCA /* XCRemoteSwiftPackageReference "SwiftUIFontIcon" */;
			productName = SwiftUIFontIcon;
		};
/* End XCSwiftPackageProductDependency section */
	};
	rootObject = 64AFFBD02AB3531C00D626D4 /* Project object */;
}
